
Microsoft Visual Studio Solution File, Format Version 11.00
# Visual Studio 2010
Project("{FAE04EC0-301F-11D3-BF4B-00C04F79EFBC}") = "RemoteController", "Assembly-CSharp-firstpass.csproj", "{A6E77FB8-4957-B4AB-5844-1E96844019AB}"
EndProject
Project("{FAE04EC0-301F-11D3-BF4B-00C04F79EFBC}") = "RemoteController", "Assembly-CSharp.csproj", "{8ADCD58D-3F5F-BCC3-9B16-48D32F4FB045}"
EndProject
Project("{FAE04EC0-301F-11D3-BF4B-00C04F79EFBC}") = "RemoteController", "Assembly-CSharp-Editor.csproj", "{DFC1DB6E-2E0E-2361-33CD-69CC475000E9}"
EndProject
Global
	GlobalSection(SolutionConfigurationPlatforms) = preSolution
		Debug|Any CPU = Debug|Any CPU
		Release|Any CPU = Release|Any CPU
	EndGlobalSection
	GlobalSection(ProjectConfigurationPlatforms) = postSolution
		{A6E77FB8-4957-B4AB-5844-1E96844019AB}.Debug|Any CPU.ActiveCfg = Debug|Any CPU
		{A6E77FB8-4957-B4AB-5844-1E96844019AB}.Debug|Any CPU.Build.0 = Debug|Any CPU
		{A6E77FB8-4957-B4AB-5844-1E96844019AB}.Release|Any CPU.ActiveCfg = Release|Any CPU
		{A6E77FB8-4957-B4AB-5844-1E96844019AB}.Release|Any CPU.Build.0 = Release|Any CPU
		{8ADCD58D-3F5F-BCC3-9B16-48D32F4FB045}.Debug|Any CPU.ActiveCfg = Debug|Any CPU
		{8ADCD58D-3F5F-BCC3-9B16-48D32F4FB045}.Debug|Any CPU.Build.0 = Debug|Any CPU
		{8ADCD58D-3F5F-BCC3-9B16-48D32F4FB045}.Release|Any CPU.ActiveCfg = Release|Any CPU
		{8ADCD58D-3F5F-BCC3-9B16-48D32F4FB045}.Release|Any CPU.Build.0 = Release|Any CPU
		{DFC1DB6E-2E0E-2361-33CD-69CC475000E9}.Debug|Any CPU.ActiveCfg = Debug|Any CPU
		{DFC1DB6E-2E0E-2361-33CD-69CC475000E9}.Debug|Any CPU.Build.0 = Debug|Any CPU
		{DFC1DB6E-2E0E-2361-33CD-69CC475000E9}.Release|Any CPU.ActiveCfg = Release|Any CPU
		{DFC1DB6E-2E0E-2361-33CD-69CC475000E9}.Release|Any CPU.Build.0 = Release|Any CPU
	EndGlobalSection
	GlobalSection(SolutionProperties) = preSolution
		HideSolutionNode = FALSE
	EndGlobalSection
	GlobalSection(MonoDevelopProperties) = preSolution
		StartupItem = Assembly-CSharp.csproj
	EndGlobalSection
EndGlobal
